
Microsoft Visual Studio Solution File, Format Version 12.00
# Visual Studio Version 17
VisualStudioVersion = 17.3.32929.385
MinimumVisualStudioVersion = 10.0.40219.1
Project("{FAE04EC0-301F-11D3-BF4B-00C04F79EFBC}") = "TestesDapper", "TestesDapper\TestesDapper.csproj", "{39C27259-2CF5-4233-A92D-613253B491A1}"
EndProject
Global
	GlobalSection(SolutionConfigurationPlatforms) = preSolution
		Debug|Any CPU = Debug|Any CPU
		Release|Any CPU = Release|Any CPU
	EndGlobalSection
	GlobalSection(ProjectConfigurationPlatforms) = postSolution
		{39C27259-2CF5-4233-A92D-613253B491A1}.Debug|Any CPU.ActiveCfg = Debug|Any CPU
		{39C27259-2CF5-4233-A92D-613253B491A1}.Debug|Any CPU.Build.0 = Debug|Any CPU
		{39C27259-2CF5-4233-A92D-613253B491A1}.Release|Any CPU.ActiveCfg = Release|Any CPU
		{39C27259-2CF5-4233-A92D-613253B491A1}.Release|Any CPU.Build.0 = Release|Any CPU
	EndGlobalSection
	GlobalSection(SolutionProperties) = preSolution
		HideSolutionNode = FALSE
	EndGlobalSection
	GlobalSection(ExtensibilityGlobals) = postSolution
		SolutionGuid = {0DC9AB59-DE15-419B-A71A-1C7CE65B4E92}
	EndGlobalSection
EndGlobal
